// !$*UTF8*$!
{
	archiveVersion = 1;
	classes = {
	};
	objectVersion = 46;
	objects = {

/* Begin PBXBuildFile section */
		1D3623260D0F684500981E51 /* APAgentAppDelegate.m in Sources */ = {isa = PBXBuildFile; fileRef = 1D3623250D0F684500981E51 /* APAgentAppDelegate.m */; };
		1D60589B0D05DD56006BFB54 /* main.m in Sources */ = {isa = PBXBuildFile; fileRef = 29B97316FDCFA39411CA2CEA /* main.m */; };
		1D60589F0D05DD5A006BFB54 /* Foundation.framework in Frameworks */ = {isa = PBXBuildFile; fileRef = 1D30AB110D05D00D00671497 /* Foundation.framework */; };
		1DF5F4E00D08C38300B7A737 /* UIKit.framework in Frameworks */ = {isa = PBXBuildFile; fileRef = 1DF5F4DF0D08C38300B7A737 /* UIKit.framework */; };
		288765A50DF7441C002DB57D /* CoreGraphics.framework in Frameworks */ = {isa = PBXBuildFile; fileRef = 288765A40DF7441C002DB57D /* CoreGraphics.framework */; };
		2899E5220DE3E06400AC0155 /* APAgentViewController.xib in Resources */ = {isa = PBXBuildFile; fileRef = 2899E5210DE3E06400AC0155 /* APAgentViewController.xib */; };
		28AD733F0D9D9553002E5188 /* MainWindow.xib in Resources */ = {isa = PBXBuildFile; fileRef = 28AD733E0D9D9553002E5188 /* MainWindow.xib */; };
		28D7ACF80DDB3853001CB0EB /* APAgentViewController.m in Sources */ = {isa = PBXBuildFile; fileRef = 28D7ACF70DDB3853001CB0EB /* APAgentViewController.m */; };
		E804724512411DF8001B2346 /* APUDPConnection.m in Sources */ = {isa = PBXBuildFile; fileRef = E804724412411DF8001B2346 /* APUDPConnection.m */; };
		E804726A12411EB8001B2346 /* CoreLocation.framework in Frameworks */ = {isa = PBXBuildFile; fileRef = E804726912411EB8001B2346 /* CoreLocation.framework */; };
		E80476F71242C8C3001B2346 /* Icon.png in Resources */ = {isa = PBXBuildFile; fileRef = E80476F51242C8C3001B2346 /* Icon.png */; };
		E80476F81242C8C3001B2346 /* Icon@2x.png in Resources */ = {isa = PBXBuildFile; fileRef = E80476F61242C8C3001B2346 /* Icon@2x.png */; };
		E84AC6091796B48C000CCF9C /* Default-568h@2x.png in Resources */ = {isa = PBXBuildFile; fileRef = E84AC6081796B48C000CCF9C /* Default-568h@2x.png */; };
		E85B4BCE17E6391C003E9BE2 /* APHeading.m in Sources */ = {isa = PBXBuildFile; fileRef = E85B4BCB17E6391C003E9BE2 /* APHeading.m */; };
		E85B4BCF17E6391C003E9BE2 /* APLocation.m in Sources */ = {isa = PBXBuildFile; fileRef = E85B4BCD17E6391C003E9BE2 /* APLocation.m */; };
		E8E27A75179A820B00005413 /* APAstralProjection.m in Sources */ = {isa = PBXBuildFile; fileRef = E8E27A5F179A820B00005413 /* APAstralProjection.m */; };
		E8E27A7B179A820B00005413 /* APGPXDataSource.m in Sources */ = {isa = PBXBuildFile; fileRef = E8E27A72179A820B00005413 /* APGPXDataSource.m */; };
		E8E27A7C179A820B00005413 /* APGPXParser.m in Sources */ = {isa = PBXBuildFile; fileRef = E8E27A74179A820B00005413 /* APGPXParser.m */; };
		E8E27A7E179A82EF00005413 /* ashland.gpx in Resources */ = {isa = PBXBuildFile; fileRef = E8E27A7D179A82EF00005413 /* ashland.gpx */; };
/* End PBXBuildFile section */

/* Begin PBXFileReference section */
		1D30AB110D05D00D00671497 /* Foundation.framework */ = {isa = PBXFileReference; lastKnownFileType = wrapper.framework; name = Foundation.framework; path = System/Library/Frameworks/Foundation.framework; sourceTree = SDKROOT; };
		1D3623240D0F684500981E51 /* APAgentAppDelegate.h */ = {isa = PBXFileReference; fileEncoding = 4; lastKnownFileType = sourcecode.c.h; path = APAgentAppDelegate.h; sourceTree = "<group>"; };
		1D3623250D0F684500981E51 /* APAgentAppDelegate.m */ = {isa = PBXFileReference; fileEncoding = 4; lastKnownFileType = sourcecode.c.objc; path = APAgentAppDelegate.m; sourceTree = "<group>"; };
		1D6058910D05DD3D006BFB54 /* APAgent.app */ = {isa = PBXFileReference; explicitFileType = wrapper.application; includeInIndex = 0; path = APAgent.app; sourceTree = BUILT_PRODUCTS_DIR; };
		1DF5F4DF0D08C38300B7A737 /* UIKit.framework */ = {isa = PBXFileReference; lastKnownFileType = wrapper.framework; name = UIKit.framework; path = System/Library/Frameworks/UIKit.framework; sourceTree = SDKROOT; };
		288765A40DF7441C002DB57D /* CoreGraphics.framework */ = {isa = PBXFileReference; lastKnownFileType = wrapper.framework; name = CoreGraphics.framework; path = System/Library/Frameworks/CoreGraphics.framework; sourceTree = SDKROOT; };
		2899E5210DE3E06400AC0155 /* APAgentViewController.xib */ = {isa = PBXFileReference; lastKnownFileType = file.xib; path = APAgentViewController.xib; sourceTree = "<group>"; };
		28AD733E0D9D9553002E5188 /* MainWindow.xib */ = {isa = PBXFileReference; lastKnownFileType = file.xib; path = MainWindow.xib; sourceTree = "<group>"; };
		28D7ACF60DDB3853001CB0EB /* APAgentViewController.h */ = {isa = PBXFileReference; fileEncoding = 4; lastKnownFileType = sourcecode.c.h; path = APAgentViewController.h; sourceTree = "<group>"; };
		28D7ACF70DDB3853001CB0EB /* APAgentViewController.m */ = {isa = PBXFileReference; fileEncoding = 4; lastKnownFileType = sourcecode.c.objc; path = APAgentViewController.m; sourceTree = "<group>"; };
		29B97316FDCFA39411CA2CEA /* main.m */ = {isa = PBXFileReference; fileEncoding = 4; lastKnownFileType = sourcecode.c.objc; path = main.m; sourceTree = "<group>"; };
		32CA4F630368D1EE00C91783 /* APAgent_Prefix.pch */ = {isa = PBXFileReference; fileEncoding = 4; lastKnownFileType = sourcecode.c.h; path = APAgent_Prefix.pch; sourceTree = "<group>"; };
		8D1107310486CEB800E47090 /* APAgent-Info.plist */ = {isa = PBXFileReference; fileEncoding = 4; lastKnownFileType = text.plist.xml; path = "APAgent-Info.plist"; plistStructureDefinitionIdentifier = "com.apple.xcode.plist.structure-definition.iphone.info-plist"; sourceTree = "<group>"; };
		E804724312411DF8001B2346 /* APUDPConnection.h */ = {isa = PBXFileReference; fileEncoding = 4; lastKnownFileType = sourcecode.c.h; path = APUDPConnection.h; sourceTree = "<group>"; };
		E804724412411DF8001B2346 /* APUDPConnection.m */ = {isa = PBXFileReference; fileEncoding = 4; lastKnownFileType = sourcecode.c.objc; path = APUDPConnection.m; sourceTree = "<group>"; };
		E804726912411EB8001B2346 /* CoreLocation.framework */ = {isa = PBXFileReference; lastKnownFileType = wrapper.framework; name = CoreLocation.framework; path = System/Library/Frameworks/CoreLocation.framework; sourceTree = SDKROOT; };
		E80476F51242C8C3001B2346 /* Icon.png */ = {isa = PBXFileReference; lastKnownFileType = image.png; path = Icon.png; sourceTree = "<group>"; };
		E80476F61242C8C3001B2346 /* Icon@2x.png */ = {isa = PBXFileReference; lastKnownFileType = image.png; path = "Icon@2x.png"; sourceTree = "<group>"; };
		E84AC6081796B48C000CCF9C /* Default-568h@2x.png */ = {isa = PBXFileReference; lastKnownFileType = image.png; path = "Default-568h@2x.png"; sourceTree = "<group>"; };
		E85B4BCA17E6391C003E9BE2 /* APHeading.h */ = {isa = PBXFileReference; fileEncoding = 4; lastKnownFileType = sourcecode.c.h; path = APHeading.h; sourceTree = "<group>"; };
		E85B4BCB17E6391C003E9BE2 /* APHeading.m */ = {isa = PBXFileReference; fileEncoding = 4; lastKnownFileType = sourcecode.c.objc; path = APHeading.m; sourceTree = "<group>"; };
		E85B4BCC17E6391C003E9BE2 /* APLocation.h */ = {isa = PBXFileReference; fileEncoding = 4; lastKnownFileType = sourcecode.c.h; path = APLocation.h; sourceTree = "<group>"; };
		E85B4BCD17E6391C003E9BE2 /* APLocation.m */ = {isa = PBXFileReference; fileEncoding = 4; lastKnownFileType = sourcecode.c.objc; path = APLocation.m; sourceTree = "<group>"; };
		E8E27A5E179A820B00005413 /* APAstralProjection.h */ = {isa = PBXFileReference; fileEncoding = 4; lastKnownFileType = sourcecode.c.h; path = APAstralProjection.h; sourceTree = "<group>"; };
		E8E27A5F179A820B00005413 /* APAstralProjection.m */ = {isa = PBXFileReference; fileEncoding = 4; lastKnownFileType = sourcecode.c.objc; path = APAstralProjection.m; sourceTree = "<group>"; };
		E8E27A60179A820B00005413 /* APHeadingDataDelegate.h */ = {isa = PBXFileReference; fileEncoding = 4; lastKnownFileType = sourcecode.c.h; path = APHeadingDataDelegate.h; sourceTree = "<group>"; };
		E8E27A61179A820B00005413 /* APHeadingDataSource.h */ = {isa = PBXFileReference; fileEncoding = 4; lastKnownFileType = sourcecode.c.h; path = APHeadingDataSource.h; sourceTree = "<group>"; };
		E8E27A62179A820B00005413 /* APLocationDataDelegate.h */ = {isa = PBXFileReference; fileEncoding = 4; lastKnownFileType = sourcecode.c.h; path = APLocationDataDelegate.h; sourceTree = "<group>"; };
		E8E27A63179A820B00005413 /* APLocationDataSource.h */ = {isa = PBXFileReference; fileEncoding = 4; lastKnownFileType = sourcecode.c.h; path = APLocationDataSource.h; sourceTree = "<group>"; };
		E8E27A71179A820B00005413 /* APGPXDataSource.h */ = {isa = PBXFileReference; fileEncoding = 4; lastKnownFileType = sourcecode.c.h; path = APGPXDataSource.h; sourceTree = "<group>"; };
		E8E27A72179A820B00005413 /* APGPXDataSource.m */ = {isa = PBXFileReference; fileEncoding = 4; lastKnownFileType = sourcecode.c.objc; path = APGPXDataSource.m; sourceTree = "<group>"; };
		E8E27A73179A820B00005413 /* APGPXParser.h */ = {isa = PBXFileReference; fileEncoding = 4; lastKnownFileType = sourcecode.c.h; path = APGPXParser.h; sourceTree = "<group>"; };
		E8E27A74179A820B00005413 /* APGPXParser.m */ = {isa = PBXFileReference; fileEncoding = 4; lastKnownFileType = sourcecode.c.objc; path = APGPXParser.m; sourceTree = "<group>"; };
		E8E27A7D179A82EF00005413 /* ashland.gpx */ = {isa = PBXFileReference; fileEncoding = 4; lastKnownFileType = text.xml; name = ashland.gpx; path = ../Resources/ashland.gpx; sourceTree = "<group>"; };
/* End PBXFileReference section */

/* Begin PBXFrameworksBuildPhase section */
		1D60588F0D05DD3D006BFB54 /* Frameworks */ = {
			isa = PBXFrameworksBuildPhase;
			buildActionMask = 2147483647;
			files = (
				1D60589F0D05DD5A006BFB54 /* Foundation.framework in Frameworks */,
				1DF5F4E00D08C38300B7A737 /* UIKit.framework in Frameworks */,
				288765A50DF7441C002DB57D /* CoreGraphics.framework in Frameworks */,
				E804726A12411EB8001B2346 /* CoreLocation.framework in Frameworks */,
			);
			runOnlyForDeploymentPostprocessing = 0;
		};
/* End PBXFrameworksBuildPhase section */

/* Begin PBXGroup section */
		080E96DDFE201D6D7F000001 /* Classes */ = {
			isa = PBXGroup;
			children = (
				E8E27A5C179A820B00005413 /* AstralProjection */,
				E804724312411DF8001B2346 /* APUDPConnection.h */,
				E804724412411DF8001B2346 /* APUDPConnection.m */,
				1D3623240D0F684500981E51 /* APAgentAppDelegate.h */,
				1D3623250D0F684500981E51 /* APAgentAppDelegate.m */,
				28D7ACF60DDB3853001CB0EB /* APAgentViewController.h */,
				28D7ACF70DDB3853001CB0EB /* APAgentViewController.m */,
			);
			path = Classes;
			sourceTree = "<group>";
		};
		19C28FACFE9D520D11CA2CBB /* Products */ = {
			isa = PBXGroup;
			children = (
				1D6058910D05DD3D006BFB54 /* APAgent.app */,
			);
			name = Products;
			sourceTree = "<group>";
		};
		29B97314FDCFA39411CA2CEA /* CustomTemplate */ = {
			isa = PBXGroup;
			children = (
				E84AC6081796B48C000CCF9C /* Default-568h@2x.png */,
				080E96DDFE201D6D7F000001 /* Classes */,
				29B97315FDCFA39411CA2CEA /* Other Sources */,
				29B97317FDCFA39411CA2CEA /* Resources */,
				29B97323FDCFA39411CA2CEA /* Frameworks */,
				19C28FACFE9D520D11CA2CBB /* Products */,
			);
			name = CustomTemplate;
			sourceTree = "<group>";
		};
		29B97315FDCFA39411CA2CEA /* Other Sources */ = {
			isa = PBXGroup;
			children = (
				32CA4F630368D1EE00C91783 /* APAgent_Prefix.pch */,
				29B97316FDCFA39411CA2CEA /* main.m */,
			);
			name = "Other Sources";
			sourceTree = "<group>";
		};
		29B97317FDCFA39411CA2CEA /* Resources */ = {
			isa = PBXGroup;
			children = (
				E8E27A7D179A82EF00005413 /* ashland.gpx */,
				E80476F51242C8C3001B2346 /* Icon.png */,
				E80476F61242C8C3001B2346 /* Icon@2x.png */,
				2899E5210DE3E06400AC0155 /* APAgentViewController.xib */,
				28AD733E0D9D9553002E5188 /* MainWindow.xib */,
				8D1107310486CEB800E47090 /* APAgent-Info.plist */,
			);
			name = Resources;
			sourceTree = "<group>";
		};
		29B97323FDCFA39411CA2CEA /* Frameworks */ = {
			isa = PBXGroup;
			children = (
				1DF5F4DF0D08C38300B7A737 /* UIKit.framework */,
				1D30AB110D05D00D00671497 /* Foundation.framework */,
				288765A40DF7441C002DB57D /* CoreGraphics.framework */,
				E804726912411EB8001B2346 /* CoreLocation.framework */,
			);
			name = Frameworks;
			sourceTree = "<group>";
		};
		E8E27A5C179A820B00005413 /* AstralProjection */ = {
			isa = PBXGroup;
			children = (
				E8E27A5D179A820B00005413 /* Core */,
				E8E27A6C179A820B00005413 /* DataSources */,
			);
			name = AstralProjection;
			path = ../../../AstralProjection;
			sourceTree = "<group>";
		};
		E8E27A5D179A820B00005413 /* Core */ = {
			isa = PBXGroup;
			children = (
				E8E27A5E179A820B00005413 /* APAstralProjection.h */,
				E8E27A5F179A820B00005413 /* APAstralProjection.m */,
				E85B4BCA17E6391C003E9BE2 /* APHeading.h */,
				E85B4BCB17E6391C003E9BE2 /* APHeading.m */,
				E8E27A60179A820B00005413 /* APHeadingDataDelegate.h */,
				E8E27A61179A820B00005413 /* APHeadingDataSource.h */,
				E85B4BCC17E6391C003E9BE2 /* APLocation.h */,
				E85B4BCD17E6391C003E9BE2 /* APLocation.m */,
				E8E27A62179A820B00005413 /* APLocationDataDelegate.h */,
				E8E27A63179A820B00005413 /* APLocationDataSource.h */,
			);
			path = Core;
			sourceTree = "<group>";
		};
		E8E27A6C179A820B00005413 /* DataSources */ = {
			isa = PBXGroup;
			children = (
				E8E27A70179A820B00005413 /* GPX */,
			);
			path = DataSources;
			sourceTree = "<group>";
		};
		E8E27A70179A820B00005413 /* GPX */ = {
			isa = PBXGroup;
			children = (
				E8E27A71179A820B00005413 /* APGPXDataSource.h */,
				E8E27A72179A820B00005413 /* APGPXDataSource.m */,
				E8E27A73179A820B00005413 /* APGPXParser.h */,
				E8E27A74179A820B00005413 /* APGPXParser.m */,
			);
			path = GPX;
			sourceTree = "<group>";
		};
/* End PBXGroup section */

/* Begin PBXNativeTarget section */
		1D6058900D05DD3D006BFB54 /* APAgent */ = {
			isa = PBXNativeTarget;
			buildConfigurationList = 1D6058960D05DD3E006BFB54 /* Build configuration list for PBXNativeTarget "APAgent" */;
			buildPhases = (
				1D60588D0D05DD3D006BFB54 /* Resources */,
				1D60588E0D05DD3D006BFB54 /* Sources */,
				1D60588F0D05DD3D006BFB54 /* Frameworks */,
			);
			buildRules = (
			);
			dependencies = (
			);
			name = APAgent;
			productName = APAgent;
			productReference = 1D6058910D05DD3D006BFB54 /* APAgent.app */;
			productType = "com.apple.product-type.application";
		};
/* End PBXNativeTarget section */

/* Begin PBXProject section */
		29B97313FDCFA39411CA2CEA /* Project object */ = {
			isa = PBXProject;
			attributes = {
				LastUpgradeCheck = 0460;
				ORGANIZATIONNAME = Lvsti;
			};
			buildConfigurationList = C01FCF4E08A954540054247B /* Build configuration list for PBXProject "APAgent" */;
			compatibilityVersion = "Xcode 3.2";
			developmentRegion = English;
			hasScannedForEncodings = 1;
			knownRegions = (
				English,
				Japanese,
				French,
				German,
			);
			mainGroup = 29B97314FDCFA39411CA2CEA /* CustomTemplate */;
			projectDirPath = "";
			projectRoot = "";
			targets = (
				1D6058900D05DD3D006BFB54 /* APAgent */,
			);
		};
/* End PBXProject section */

/* Begin PBXResourcesBuildPhase section */
		1D60588D0D05DD3D006BFB54 /* Resources */ = {
			isa = PBXResourcesBuildPhase;
			buildActionMask = 2147483647;
			files = (
				28AD733F0D9D9553002E5188 /* MainWindow.xib in Resources */,
				2899E5220DE3E06400AC0155 /* APAgentViewController.xib in Resources */,
				E80476F71242C8C3001B2346 /* Icon.png in Resources */,
				E80476F81242C8C3001B2346 /* Icon@2x.png in Resources */,
				E84AC6091796B48C000CCF9C /* Default-568h@2x.png in Resources */,
				E8E27A7E179A82EF00005413 /* ashland.gpx in Resources */,
			);
			runOnlyForDeploymentPostprocessing = 0;
		};
/* End PBXResourcesBuildPhase section */

/* Begin PBXSourcesBuildPhase section */
		1D60588E0D05DD3D006BFB54 /* Sources */ = {
			isa = PBXSourcesBuildPhase;
			buildActionMask = 2147483647;
			files = (
				1D60589B0D05DD56006BFB54 /* main.m in Sources */,
				1D3623260D0F684500981E51 /* APAgentAppDelegate.m in Sources */,
				28D7ACF80DDB3853001CB0EB /* APAgentViewController.m in Sources */,
				E804724512411DF8001B2346 /* APUDPConnection.m in Sources */,
				E8E27A75179A820B00005413 /* APAstralProjection.m in Sources */,
				E8E27A7B179A820B00005413 /* APGPXDataSource.m in Sources */,
				E8E27A7C179A820B00005413 /* APGPXParser.m in Sources */,
				E85B4BCE17E6391C003E9BE2 /* APHeading.m in Sources */,
				E85B4BCF17E6391C003E9BE2 /* APLocation.m in Sources */,
			);
			runOnlyForDeploymentPostprocessing = 0;
		};
/* End PBXSourcesBuildPhase section */

/* Begin XCBuildConfiguration section */
		1D6058940D05DD3E006BFB54 /* Debug */ = {
			isa = XCBuildConfiguration;
			buildSettings = {
				ALWAYS_SEARCH_USER_PATHS = NO;
				COPY_PHASE_STRIP = NO;
				GCC_DYNAMIC_NO_PIC = NO;
				GCC_OPTIMIZATION_LEVEL = 0;
				GCC_PRECOMPILE_PREFIX_HEADER = YES;
				GCC_PREFIX_HEADER = APAgent_Prefix.pch;
				INFOPLIST_FILE = "APAgent-Info.plist";
				PRODUCT_NAME = APAgent;
			};
			name = Debug;
		};
		1D6058950D05DD3E006BFB54 /* Release */ = {
			isa = XCBuildConfiguration;
			buildSettings = {
				ALWAYS_SEARCH_USER_PATHS = NO;
				COPY_PHASE_STRIP = YES;
				GCC_PRECOMPILE_PREFIX_HEADER = YES;
				GCC_PREFIX_HEADER = APAgent_Prefix.pch;
				INFOPLIST_FILE = "APAgent-Info.plist";
				PRODUCT_NAME = APAgent;
				VALIDATE_PRODUCT = YES;
			};
			name = Release;
		};
		C01FCF4F08A954540054247B /* Debug */ = {
			isa = XCBuildConfiguration;
			buildSettings = {
				ARCHS = "$(ARCHS_STANDARD_32_BIT)";
				"CODE_SIGN_IDENTITY[sdk=iphoneos*]" = "iPhone Developer";
				GCC_C_LANGUAGE_STANDARD = c99;
				GCC_WARN_ABOUT_RETURN_TYPE = YES;
				GCC_WARN_UNUSED_VARIABLE = YES;
				IPHONEOS_DEPLOYMENT_TARGET = 5.0;
				SDKROOT = iphoneos;
			};
			name = Debug;
		};
		C01FCF5008A954540054247B /* Release */ = {
			isa = XCBuildConfiguration;
			buildSettings = {
				ARCHS = "$(ARCHS_STANDARD_32_BIT)";
				"CODE_SIGN_IDENTITY[sdk=iphoneos*]" = "iPhone Developer";
				GCC_C_LANGUAGE_STANDARD = c99;
				GCC_WARN_ABOUT_RETURN_TYPE = YES;
				GCC_WARN_UNUSED_VARIABLE = YES;
				IPHONEOS_DEPLOYMENT_TARGET = 5.0;
				OTHER_CFLAGS = "-DNS_BLOCK_ASSERTIONS=1";
				SDKROOT = iphoneos;
			};
			name = Release;
		};
/* End XCBuildConfiguration section */

/* Begin XCConfigurationList section */
		1D6058960D05DD3E006BFB54 /* Build configuration list for PBXNativeTarget "APAgent" */ = {
			isa = XCConfigurationList;
			buildConfigurations = (
				1D6058940D05DD3E006BFB54 /* Debug */,
				1D6058950D05DD3E006BFB54 /* Release */,
			);
			defaultConfigurationIsVisible = 0;
			defaultConfigurationName = Release;
		};
		C01FCF4E08A954540054247B /* Build configuration list for PBXProject "APAgent" */ = {
			isa = XCConfigurationList;
			buildConfigurations = (
				C01FCF4F08A954540054247B /* Debug */,
				C01FCF5008A954540054247B /* Release */,
			);
			defaultConfigurationIsVisible = 0;
			defaultConfigurationName = Release;
		};
/* End XCConfigurationList section */
	};
	rootObject = 29B97313FDCFA39411CA2CEA /* Project object */;
}
