// !$*UTF8*$!
{
	archiveVersion = 1;
	classes = {
	};
	objectVersion = 45;
	objects = {

/* Begin PBXBuildFile section */
		1D3623260D0F684500981E51 /* APHostAppDelegate.m in Sources */ = {isa = PBXBuildFile; fileRef = 1D3623250D0F684500981E51 /* APHostAppDelegate.m */; };
		1D60589B0D05DD56006BFB54 /* main.m in Sources */ = {isa = PBXBuildFile; fileRef = 29B97316FDCFA39411CA2CEA /* main.m */; };
		1D60589F0D05DD5A006BFB54 /* Foundation.framework in Frameworks */ = {isa = PBXBuildFile; fileRef = 1D30AB110D05D00D00671497 /* Foundation.framework */; };
		1DF5F4E00D08C38300B7A737 /* UIKit.framework in Frameworks */ = {isa = PBXBuildFile; fileRef = 1DF5F4DF0D08C38300B7A737 /* UIKit.framework */; };
		288765A50DF7441C002DB57D /* CoreGraphics.framework in Frameworks */ = {isa = PBXBuildFile; fileRef = 288765A40DF7441C002DB57D /* CoreGraphics.framework */; };
		2899E5220DE3E06400AC0155 /* APHostViewController.xib in Resources */ = {isa = PBXBuildFile; fileRef = 2899E5210DE3E06400AC0155 /* APHostViewController.xib */; };
		28AD733F0D9D9553002E5188 /* MainWindow.xib in Resources */ = {isa = PBXBuildFile; fileRef = 28AD733E0D9D9553002E5188 /* MainWindow.xib */; };
		28D7ACF80DDB3853001CB0EB /* APHostViewController.m in Sources */ = {isa = PBXBuildFile; fileRef = 28D7ACF70DDB3853001CB0EB /* APHostViewController.m */; };
		E80476391242B65D001B2346 /* CoreLocation.framework in Frameworks */ = {isa = PBXBuildFile; fileRef = E80476381242B65D001B2346 /* CoreLocation.framework */; };
		E80476581242B723001B2346 /* APLocationManager.m in Sources */ = {isa = PBXBuildFile; fileRef = E804764E1242B723001B2346 /* APLocationManager.m */; };
		E804765A1242B723001B2346 /* APGPXDataSource.m in Sources */ = {isa = PBXBuildFile; fileRef = E80476551242B723001B2346 /* APGPXDataSource.m */; };
		E804765B1242B723001B2346 /* APGPXParser.m in Sources */ = {isa = PBXBuildFile; fileRef = E80476571242B723001B2346 /* APGPXParser.m */; };
		E8496C8212FD7EFE004D1871 /* EXT_CoreLocation.m in Sources */ = {isa = PBXBuildFile; fileRef = E8496C8112FD7EFE004D1871 /* EXT_CoreLocation.m */; };
		E84AC6051796777B000CCF9C /* ashland.gpx in Resources */ = {isa = PBXBuildFile; fileRef = E84AC6041796777B000CCF9C /* ashland.gpx */; };
		E84AC6071796B480000CCF9C /* Default-568h@2x.png in Resources */ = {isa = PBXBuildFile; fileRef = E84AC6061796B480000CCF9C /* Default-568h@2x.png */; };
		E8D84A141261C04100A2EBEF /* APLocation.m in Sources */ = {isa = PBXBuildFile; fileRef = E8D84A131261C04100A2EBEF /* APLocation.m */; };
		E8D84A171261C07E00A2EBEF /* APHeading.m in Sources */ = {isa = PBXBuildFile; fileRef = E8D84A161261C07E00A2EBEF /* APHeading.m */; };
		E8D84B461262134800A2EBEF /* APAgentDataSource.m in Sources */ = {isa = PBXBuildFile; fileRef = E8D84B451262134800A2EBEF /* APAgentDataSource.m */; };
		E8D84B7C1262150000A2EBEF /* NSObject+SBJSON.m in Sources */ = {isa = PBXBuildFile; fileRef = E8D84B711262150000A2EBEF /* NSObject+SBJSON.m */; };
		E8D84B7D1262150000A2EBEF /* NSString+SBJSON.m in Sources */ = {isa = PBXBuildFile; fileRef = E8D84B731262150000A2EBEF /* NSString+SBJSON.m */; };
		E8D84B7E1262150000A2EBEF /* SBJSON.m in Sources */ = {isa = PBXBuildFile; fileRef = E8D84B751262150000A2EBEF /* SBJSON.m */; };
		E8D84B7F1262150000A2EBEF /* SBJsonBase.m in Sources */ = {isa = PBXBuildFile; fileRef = E8D84B771262150000A2EBEF /* SBJsonBase.m */; };
		E8D84B801262150000A2EBEF /* SBJsonParser.m in Sources */ = {isa = PBXBuildFile; fileRef = E8D84B791262150000A2EBEF /* SBJsonParser.m */; };
		E8D84B811262150000A2EBEF /* SBJsonWriter.m in Sources */ = {isa = PBXBuildFile; fileRef = E8D84B7B1262150000A2EBEF /* SBJsonWriter.m */; };
		E8F7A1D312FA1E4B0029A235 /* EXT_CLHeading.m in Sources */ = {isa = PBXBuildFile; fileRef = E8F7A1D212FA1E4B0029A235 /* EXT_CLHeading.m */; };
/* End PBXBuildFile section */

/* Begin PBXFileReference section */
		1D30AB110D05D00D00671497 /* Foundation.framework */ = {isa = PBXFileReference; lastKnownFileType = wrapper.framework; name = Foundation.framework; path = System/Library/Frameworks/Foundation.framework; sourceTree = SDKROOT; };
		1D3623240D0F684500981E51 /* APHostAppDelegate.h */ = {isa = PBXFileReference; fileEncoding = 4; lastKnownFileType = sourcecode.c.h; path = APHostAppDelegate.h; sourceTree = "<group>"; };
		1D3623250D0F684500981E51 /* APHostAppDelegate.m */ = {isa = PBXFileReference; fileEncoding = 4; lastKnownFileType = sourcecode.c.objc; path = APHostAppDelegate.m; sourceTree = "<group>"; };
		1D6058910D05DD3D006BFB54 /* APHost.app */ = {isa = PBXFileReference; explicitFileType = wrapper.application; includeInIndex = 0; path = APHost.app; sourceTree = BUILT_PRODUCTS_DIR; };
		1DF5F4DF0D08C38300B7A737 /* UIKit.framework */ = {isa = PBXFileReference; lastKnownFileType = wrapper.framework; name = UIKit.framework; path = System/Library/Frameworks/UIKit.framework; sourceTree = SDKROOT; };
		288765A40DF7441C002DB57D /* CoreGraphics.framework */ = {isa = PBXFileReference; lastKnownFileType = wrapper.framework; name = CoreGraphics.framework; path = System/Library/Frameworks/CoreGraphics.framework; sourceTree = SDKROOT; };
		2899E5210DE3E06400AC0155 /* APHostViewController.xib */ = {isa = PBXFileReference; lastKnownFileType = file.xib; path = APHostViewController.xib; sourceTree = "<group>"; };
		28AD733E0D9D9553002E5188 /* MainWindow.xib */ = {isa = PBXFileReference; lastKnownFileType = file.xib; path = MainWindow.xib; sourceTree = "<group>"; };
		28D7ACF60DDB3853001CB0EB /* APHostViewController.h */ = {isa = PBXFileReference; fileEncoding = 4; lastKnownFileType = sourcecode.c.h; path = APHostViewController.h; sourceTree = "<group>"; };
		28D7ACF70DDB3853001CB0EB /* APHostViewController.m */ = {isa = PBXFileReference; fileEncoding = 4; lastKnownFileType = sourcecode.c.objc; path = APHostViewController.m; sourceTree = "<group>"; };
		29B97316FDCFA39411CA2CEA /* main.m */ = {isa = PBXFileReference; fileEncoding = 4; lastKnownFileType = sourcecode.c.objc; path = main.m; sourceTree = "<group>"; };
		32CA4F630368D1EE00C91783 /* APHost_Prefix.pch */ = {isa = PBXFileReference; fileEncoding = 4; lastKnownFileType = sourcecode.c.h; path = APHost_Prefix.pch; sourceTree = "<group>"; };
		8D1107310486CEB800E47090 /* APHost-Info.plist */ = {isa = PBXFileReference; fileEncoding = 4; lastKnownFileType = text.plist.xml; path = "APHost-Info.plist"; plistStructureDefinitionIdentifier = "com.apple.xcode.plist.structure-definition.iphone.info-plist"; sourceTree = "<group>"; };
		E80476381242B65D001B2346 /* CoreLocation.framework */ = {isa = PBXFileReference; lastKnownFileType = wrapper.framework; name = CoreLocation.framework; path = System/Library/Frameworks/CoreLocation.framework; sourceTree = SDKROOT; };
		E804764B1242B723001B2346 /* APLocationDataDelegate.h */ = {isa = PBXFileReference; fileEncoding = 4; lastKnownFileType = sourcecode.c.h; path = APLocationDataDelegate.h; sourceTree = "<group>"; };
		E804764C1242B723001B2346 /* APLocationDataSource.h */ = {isa = PBXFileReference; fileEncoding = 4; lastKnownFileType = sourcecode.c.h; path = APLocationDataSource.h; sourceTree = "<group>"; };
		E804764D1242B723001B2346 /* APLocationManager.h */ = {isa = PBXFileReference; fileEncoding = 4; lastKnownFileType = sourcecode.c.h; path = APLocationManager.h; sourceTree = "<group>"; };
		E804764E1242B723001B2346 /* APLocationManager.m */ = {isa = PBXFileReference; fileEncoding = 4; lastKnownFileType = sourcecode.c.objc; path = APLocationManager.m; sourceTree = "<group>"; };
		E80476541242B723001B2346 /* APGPXDataSource.h */ = {isa = PBXFileReference; fileEncoding = 4; lastKnownFileType = sourcecode.c.h; path = APGPXDataSource.h; sourceTree = "<group>"; };
		E80476551242B723001B2346 /* APGPXDataSource.m */ = {isa = PBXFileReference; fileEncoding = 4; lastKnownFileType = sourcecode.c.objc; path = APGPXDataSource.m; sourceTree = "<group>"; };
		E80476561242B723001B2346 /* APGPXParser.h */ = {isa = PBXFileReference; fileEncoding = 4; lastKnownFileType = sourcecode.c.h; path = APGPXParser.h; sourceTree = "<group>"; };
		E80476571242B723001B2346 /* APGPXParser.m */ = {isa = PBXFileReference; fileEncoding = 4; lastKnownFileType = sourcecode.c.objc; path = APGPXParser.m; sourceTree = "<group>"; };
		E8496C8012FD7EFE004D1871 /* EXT_CoreLocation.h */ = {isa = PBXFileReference; fileEncoding = 4; lastKnownFileType = sourcecode.c.h; path = EXT_CoreLocation.h; sourceTree = "<group>"; };
		E8496C8112FD7EFE004D1871 /* EXT_CoreLocation.m */ = {isa = PBXFileReference; fileEncoding = 4; lastKnownFileType = sourcecode.c.objc; path = EXT_CoreLocation.m; sourceTree = "<group>"; };
		E84AC6041796777B000CCF9C /* ashland.gpx */ = {isa = PBXFileReference; fileEncoding = 4; lastKnownFileType = text.xml; name = ashland.gpx; path = ../Resources/ashland.gpx; sourceTree = "<group>"; };
		E84AC6061796B480000CCF9C /* Default-568h@2x.png */ = {isa = PBXFileReference; lastKnownFileType = image.png; path = "Default-568h@2x.png"; sourceTree = "<group>"; };
		E8D84A101261BF5000A2EBEF /* APHeadingDataDelegate.h */ = {isa = PBXFileReference; fileEncoding = 4; lastKnownFileType = sourcecode.c.h; path = APHeadingDataDelegate.h; sourceTree = "<group>"; };
		E8D84A111261BF5000A2EBEF /* APHeadingDataSource.h */ = {isa = PBXFileReference; fileEncoding = 4; lastKnownFileType = sourcecode.c.h; path = APHeadingDataSource.h; sourceTree = "<group>"; };
		E8D84A121261C04100A2EBEF /* APLocation.h */ = {isa = PBXFileReference; fileEncoding = 4; lastKnownFileType = sourcecode.c.h; path = APLocation.h; sourceTree = "<group>"; };
		E8D84A131261C04100A2EBEF /* APLocation.m */ = {isa = PBXFileReference; fileEncoding = 4; lastKnownFileType = sourcecode.c.objc; path = APLocation.m; sourceTree = "<group>"; };
		E8D84A151261C07E00A2EBEF /* APHeading.h */ = {isa = PBXFileReference; fileEncoding = 4; lastKnownFileType = sourcecode.c.h; path = APHeading.h; sourceTree = "<group>"; };
		E8D84A161261C07E00A2EBEF /* APHeading.m */ = {isa = PBXFileReference; fileEncoding = 4; lastKnownFileType = sourcecode.c.objc; path = APHeading.m; sourceTree = "<group>"; };
		E8D84B441262134800A2EBEF /* APAgentDataSource.h */ = {isa = PBXFileReference; fileEncoding = 4; lastKnownFileType = sourcecode.c.h; path = APAgentDataSource.h; sourceTree = "<group>"; };
		E8D84B451262134800A2EBEF /* APAgentDataSource.m */ = {isa = PBXFileReference; fileEncoding = 4; lastKnownFileType = sourcecode.c.objc; path = APAgentDataSource.m; sourceTree = "<group>"; };
		E8D84B6F1262150000A2EBEF /* JSON.h */ = {isa = PBXFileReference; fileEncoding = 4; lastKnownFileType = sourcecode.c.h; path = JSON.h; sourceTree = "<group>"; };
		E8D84B701262150000A2EBEF /* NSObject+SBJSON.h */ = {isa = PBXFileReference; fileEncoding = 4; lastKnownFileType = sourcecode.c.h; path = "NSObject+SBJSON.h"; sourceTree = "<group>"; };
		E8D84B711262150000A2EBEF /* NSObject+SBJSON.m */ = {isa = PBXFileReference; fileEncoding = 4; lastKnownFileType = sourcecode.c.objc; path = "NSObject+SBJSON.m"; sourceTree = "<group>"; };
		E8D84B721262150000A2EBEF /* NSString+SBJSON.h */ = {isa = PBXFileReference; fileEncoding = 4; lastKnownFileType = sourcecode.c.h; path = "NSString+SBJSON.h"; sourceTree = "<group>"; };
		E8D84B731262150000A2EBEF /* NSString+SBJSON.m */ = {isa = PBXFileReference; fileEncoding = 4; lastKnownFileType = sourcecode.c.objc; path = "NSString+SBJSON.m"; sourceTree = "<group>"; };
		E8D84B741262150000A2EBEF /* SBJSON.h */ = {isa = PBXFileReference; fileEncoding = 4; lastKnownFileType = sourcecode.c.h; path = SBJSON.h; sourceTree = "<group>"; };
		E8D84B751262150000A2EBEF /* SBJSON.m */ = {isa = PBXFileReference; fileEncoding = 4; lastKnownFileType = sourcecode.c.objc; path = SBJSON.m; sourceTree = "<group>"; };
		E8D84B761262150000A2EBEF /* SBJsonBase.h */ = {isa = PBXFileReference; fileEncoding = 4; lastKnownFileType = sourcecode.c.h; path = SBJsonBase.h; sourceTree = "<group>"; };
		E8D84B771262150000A2EBEF /* SBJsonBase.m */ = {isa = PBXFileReference; fileEncoding = 4; lastKnownFileType = sourcecode.c.objc; path = SBJsonBase.m; sourceTree = "<group>"; };
		E8D84B781262150000A2EBEF /* SBJsonParser.h */ = {isa = PBXFileReference; fileEncoding = 4; lastKnownFileType = sourcecode.c.h; path = SBJsonParser.h; sourceTree = "<group>"; };
		E8D84B791262150000A2EBEF /* SBJsonParser.m */ = {isa = PBXFileReference; fileEncoding = 4; lastKnownFileType = sourcecode.c.objc; path = SBJsonParser.m; sourceTree = "<group>"; };
		E8D84B7A1262150000A2EBEF /* SBJsonWriter.h */ = {isa = PBXFileReference; fileEncoding = 4; lastKnownFileType = sourcecode.c.h; path = SBJsonWriter.h; sourceTree = "<group>"; };
		E8D84B7B1262150000A2EBEF /* SBJsonWriter.m */ = {isa = PBXFileReference; fileEncoding = 4; lastKnownFileType = sourcecode.c.objc; path = SBJsonWriter.m; sourceTree = "<group>"; };
		E8F7A1D112FA1E4B0029A235 /* EXT_CLHeading.h */ = {isa = PBXFileReference; fileEncoding = 4; lastKnownFileType = sourcecode.c.h; path = EXT_CLHeading.h; sourceTree = "<group>"; };
		E8F7A1D212FA1E4B0029A235 /* EXT_CLHeading.m */ = {isa = PBXFileReference; fileEncoding = 4; lastKnownFileType = sourcecode.c.objc; path = EXT_CLHeading.m; sourceTree = "<group>"; };
/* End PBXFileReference section */

/* Begin PBXFrameworksBuildPhase section */
		1D60588F0D05DD3D006BFB54 /* Frameworks */ = {
			isa = PBXFrameworksBuildPhase;
			buildActionMask = 2147483647;
			files = (
				1D60589F0D05DD5A006BFB54 /* Foundation.framework in Frameworks */,
				1DF5F4E00D08C38300B7A737 /* UIKit.framework in Frameworks */,
				288765A50DF7441C002DB57D /* CoreGraphics.framework in Frameworks */,
				E80476391242B65D001B2346 /* CoreLocation.framework in Frameworks */,
			);
			runOnlyForDeploymentPostprocessing = 0;
		};
/* End PBXFrameworksBuildPhase section */

/* Begin PBXGroup section */
		080E96DDFE201D6D7F000001 /* Classes */ = {
			isa = PBXGroup;
			children = (
				E8D84B6E126214E700A2EBEF /* JSON */,
				E80476491242B704001B2346 /* AstralProjection */,
				1D3623240D0F684500981E51 /* APHostAppDelegate.h */,
				1D3623250D0F684500981E51 /* APHostAppDelegate.m */,
				28D7ACF60DDB3853001CB0EB /* APHostViewController.h */,
				28D7ACF70DDB3853001CB0EB /* APHostViewController.m */,
			);
			path = Classes;
			sourceTree = "<group>";
		};
		19C28FACFE9D520D11CA2CBB /* Products */ = {
			isa = PBXGroup;
			children = (
				1D6058910D05DD3D006BFB54 /* APHost.app */,
			);
			name = Products;
			sourceTree = "<group>";
		};
		29B97314FDCFA39411CA2CEA /* CustomTemplate */ = {
			isa = PBXGroup;
			children = (
				E84AC6061796B480000CCF9C /* Default-568h@2x.png */,
				080E96DDFE201D6D7F000001 /* Classes */,
				29B97315FDCFA39411CA2CEA /* Other Sources */,
				29B97317FDCFA39411CA2CEA /* Resources */,
				29B97323FDCFA39411CA2CEA /* Frameworks */,
				19C28FACFE9D520D11CA2CBB /* Products */,
			);
			name = CustomTemplate;
			sourceTree = "<group>";
		};
		29B97315FDCFA39411CA2CEA /* Other Sources */ = {
			isa = PBXGroup;
			children = (
				32CA4F630368D1EE00C91783 /* APHost_Prefix.pch */,
				29B97316FDCFA39411CA2CEA /* main.m */,
			);
			name = "Other Sources";
			sourceTree = "<group>";
		};
		29B97317FDCFA39411CA2CEA /* Resources */ = {
			isa = PBXGroup;
			children = (
				E84AC6041796777B000CCF9C /* ashland.gpx */,
				2899E5210DE3E06400AC0155 /* APHostViewController.xib */,
				28AD733E0D9D9553002E5188 /* MainWindow.xib */,
				8D1107310486CEB800E47090 /* APHost-Info.plist */,
			);
			name = Resources;
			sourceTree = "<group>";
		};
		29B97323FDCFA39411CA2CEA /* Frameworks */ = {
			isa = PBXGroup;
			children = (
				1DF5F4DF0D08C38300B7A737 /* UIKit.framework */,
				1D30AB110D05D00D00671497 /* Foundation.framework */,
				288765A40DF7441C002DB57D /* CoreGraphics.framework */,
				E80476381242B65D001B2346 /* CoreLocation.framework */,
			);
			name = Frameworks;
			sourceTree = "<group>";
		};
		E80476491242B704001B2346 /* AstralProjection */ = {
			isa = PBXGroup;
			children = (
				E804764A1242B723001B2346 /* Core */,
				E804764F1242B723001B2346 /* DataSources */,
				E8F7A1D012FA1E260029A235 /* Extensions */,
			);
			name = AstralProjection;
			path = ../../../AstralProjection;
			sourceTree = "<group>";
		};
		E804764A1242B723001B2346 /* Core */ = {
			isa = PBXGroup;
			children = (
				E8D84A151261C07E00A2EBEF /* APHeading.h */,
				E8D84A161261C07E00A2EBEF /* APHeading.m */,
				E8D84A101261BF5000A2EBEF /* APHeadingDataDelegate.h */,
				E8D84A111261BF5000A2EBEF /* APHeadingDataSource.h */,
				E8D84A121261C04100A2EBEF /* APLocation.h */,
				E8D84A131261C04100A2EBEF /* APLocation.m */,
				E804764B1242B723001B2346 /* APLocationDataDelegate.h */,
				E804764C1242B723001B2346 /* APLocationDataSource.h */,
				E804764D1242B723001B2346 /* APLocationManager.h */,
				E804764E1242B723001B2346 /* APLocationManager.m */,
			);
			path = Core;
			sourceTree = "<group>";
		};
		E804764F1242B723001B2346 /* DataSources */ = {
			isa = PBXGroup;
			children = (
				E8D84B431262133200A2EBEF /* Agent */,
				E80476531242B723001B2346 /* GPX */,
			);
			path = DataSources;
			sourceTree = "<group>";
		};
		E80476531242B723001B2346 /* GPX */ = {
			isa = PBXGroup;
			children = (
				E80476541242B723001B2346 /* APGPXDataSource.h */,
				E80476551242B723001B2346 /* APGPXDataSource.m */,
				E80476561242B723001B2346 /* APGPXParser.h */,
				E80476571242B723001B2346 /* APGPXParser.m */,
			);
			path = GPX;
			sourceTree = "<group>";
		};
		E8D84B431262133200A2EBEF /* Agent */ = {
			isa = PBXGroup;
			children = (
				E8D84B441262134800A2EBEF /* APAgentDataSource.h */,
				E8D84B451262134800A2EBEF /* APAgentDataSource.m */,
			);
			path = Agent;
			sourceTree = "<group>";
		};
		E8D84B6E126214E700A2EBEF /* JSON */ = {
			isa = PBXGroup;
			children = (
				E8D84B6F1262150000A2EBEF /* JSON.h */,
				E8D84B701262150000A2EBEF /* NSObject+SBJSON.h */,
				E8D84B711262150000A2EBEF /* NSObject+SBJSON.m */,
				E8D84B721262150000A2EBEF /* NSString+SBJSON.h */,
				E8D84B731262150000A2EBEF /* NSString+SBJSON.m */,
				E8D84B741262150000A2EBEF /* SBJSON.h */,
				E8D84B751262150000A2EBEF /* SBJSON.m */,
				E8D84B761262150000A2EBEF /* SBJsonBase.h */,
				E8D84B771262150000A2EBEF /* SBJsonBase.m */,
				E8D84B781262150000A2EBEF /* SBJsonParser.h */,
				E8D84B791262150000A2EBEF /* SBJsonParser.m */,
				E8D84B7A1262150000A2EBEF /* SBJsonWriter.h */,
				E8D84B7B1262150000A2EBEF /* SBJsonWriter.m */,
			);
			name = JSON;
			path = ../../../ThirdParty/JSON;
			sourceTree = "<group>";
		};
		E8F7A1D012FA1E260029A235 /* Extensions */ = {
			isa = PBXGroup;
			children = (
				E8496C8012FD7EFE004D1871 /* EXT_CoreLocation.h */,
				E8496C8112FD7EFE004D1871 /* EXT_CoreLocation.m */,
				E8F7A1D112FA1E4B0029A235 /* EXT_CLHeading.h */,
				E8F7A1D212FA1E4B0029A235 /* EXT_CLHeading.m */,
			);
			path = Extensions;
			sourceTree = "<group>";
		};
/* End PBXGroup section */

/* Begin PBXNativeTarget section */
		1D6058900D05DD3D006BFB54 /* APHost */ = {
			isa = PBXNativeTarget;
			buildConfigurationList = 1D6058960D05DD3E006BFB54 /* Build configuration list for PBXNativeTarget "APHost" */;
			buildPhases = (
				1D60588D0D05DD3D006BFB54 /* Resources */,
				1D60588E0D05DD3D006BFB54 /* Sources */,
				1D60588F0D05DD3D006BFB54 /* Frameworks */,
			);
			buildRules = (
			);
			dependencies = (
			);
			name = APHost;
			productName = APHost;
			productReference = 1D6058910D05DD3D006BFB54 /* APHost.app */;
			productType = "com.apple.product-type.application";
		};
/* End PBXNativeTarget section */

/* Begin PBXProject section */
		29B97313FDCFA39411CA2CEA /* Project object */ = {
			isa = PBXProject;
			buildConfigurationList = C01FCF4E08A954540054247B /* Build configuration list for PBXProject "APHost" */;
			compatibilityVersion = "Xcode 3.1";
			developmentRegion = English;
			hasScannedForEncodings = 1;
			knownRegions = (
				English,
				Japanese,
				French,
				German,
			);
			mainGroup = 29B97314FDCFA39411CA2CEA /* CustomTemplate */;
			projectDirPath = "";
			projectRoot = "";
			targets = (
				1D6058900D05DD3D006BFB54 /* APHost */,
			);
		};
/* End PBXProject section */

/* Begin PBXResourcesBuildPhase section */
		1D60588D0D05DD3D006BFB54 /* Resources */ = {
			isa = PBXResourcesBuildPhase;
			buildActionMask = 2147483647;
			files = (
				28AD733F0D9D9553002E5188 /* MainWindow.xib in Resources */,
				2899E5220DE3E06400AC0155 /* APHostViewController.xib in Resources */,
				E84AC6051796777B000CCF9C /* ashland.gpx in Resources */,
				E84AC6071796B480000CCF9C /* Default-568h@2x.png in Resources */,
			);
			runOnlyForDeploymentPostprocessing = 0;
		};
/* End PBXResourcesBuildPhase section */

/* Begin PBXSourcesBuildPhase section */
		1D60588E0D05DD3D006BFB54 /* Sources */ = {
			isa = PBXSourcesBuildPhase;
			buildActionMask = 2147483647;
			files = (
				1D60589B0D05DD56006BFB54 /* main.m in Sources */,
				1D3623260D0F684500981E51 /* APHostAppDelegate.m in Sources */,
				28D7ACF80DDB3853001CB0EB /* APHostViewController.m in Sources */,
				E80476581242B723001B2346 /* APLocationManager.m in Sources */,
				E804765A1242B723001B2346 /* APGPXDataSource.m in Sources */,
				E804765B1242B723001B2346 /* APGPXParser.m in Sources */,
				E8D84A141261C04100A2EBEF /* APLocation.m in Sources */,
				E8D84A171261C07E00A2EBEF /* APHeading.m in Sources */,
				E8D84B461262134800A2EBEF /* APAgentDataSource.m in Sources */,
				E8D84B7C1262150000A2EBEF /* NSObject+SBJSON.m in Sources */,
				E8D84B7D1262150000A2EBEF /* NSString+SBJSON.m in Sources */,
				E8D84B7E1262150000A2EBEF /* SBJSON.m in Sources */,
				E8D84B7F1262150000A2EBEF /* SBJsonBase.m in Sources */,
				E8D84B801262150000A2EBEF /* SBJsonParser.m in Sources */,
				E8D84B811262150000A2EBEF /* SBJsonWriter.m in Sources */,
				E8F7A1D312FA1E4B0029A235 /* EXT_CLHeading.m in Sources */,
				E8496C8212FD7EFE004D1871 /* EXT_CoreLocation.m in Sources */,
			);
			runOnlyForDeploymentPostprocessing = 0;
		};
/* End PBXSourcesBuildPhase section */

/* Begin XCBuildConfiguration section */
		1D6058940D05DD3E006BFB54 /* Debug */ = {
			isa = XCBuildConfiguration;
			buildSettings = {
				ALWAYS_SEARCH_USER_PATHS = NO;
				COPY_PHASE_STRIP = NO;
				GCC_DYNAMIC_NO_PIC = NO;
				GCC_OPTIMIZATION_LEVEL = 0;
				GCC_PRECOMPILE_PREFIX_HEADER = YES;
				GCC_PREFIX_HEADER = APHost_Prefix.pch;
				INFOPLIST_FILE = "APHost-Info.plist";
				PRODUCT_NAME = APHost;
			};
			name = Debug;
		};
		1D6058950D05DD3E006BFB54 /* Release */ = {
			isa = XCBuildConfiguration;
			buildSettings = {
				ALWAYS_SEARCH_USER_PATHS = NO;
				COPY_PHASE_STRIP = YES;
				GCC_PRECOMPILE_PREFIX_HEADER = YES;
				GCC_PREFIX_HEADER = APHost_Prefix.pch;
				INFOPLIST_FILE = "APHost-Info.plist";
				PRODUCT_NAME = APHost;
				VALIDATE_PRODUCT = YES;
			};
			name = Release;
		};
		C01FCF4F08A954540054247B /* Debug */ = {
			isa = XCBuildConfiguration;
			buildSettings = {
				ARCHS = "$(ARCHS_STANDARD_32_BIT)";
				"CODE_SIGN_IDENTITY[sdk=iphoneos*]" = "iPhone Developer";
				GCC_C_LANGUAGE_STANDARD = c99;
				GCC_WARN_ABOUT_RETURN_TYPE = YES;
				GCC_WARN_UNUSED_VARIABLE = YES;
				IPHONEOS_DEPLOYMENT_TARGET = 5.0;
				PREBINDING = NO;
				SDKROOT = iphoneos;
			};
			name = Debug;
		};
		C01FCF5008A954540054247B /* Release */ = {
			isa = XCBuildConfiguration;
			buildSettings = {
				ARCHS = "$(ARCHS_STANDARD_32_BIT)";
				"CODE_SIGN_IDENTITY[sdk=iphoneos*]" = "iPhone Developer";
				GCC_C_LANGUAGE_STANDARD = c99;
				GCC_WARN_ABOUT_RETURN_TYPE = YES;
				GCC_WARN_UNUSED_VARIABLE = YES;
				IPHONEOS_DEPLOYMENT_TARGET = 5.0;
				OTHER_CFLAGS = "-DNS_BLOCK_ASSERTIONS=1";
				PREBINDING = NO;
				SDKROOT = iphoneos;
			};
			name = Release;
		};
/* End XCBuildConfiguration section */

/* Begin XCConfigurationList section */
		1D6058960D05DD3E006BFB54 /* Build configuration list for PBXNativeTarget "APHost" */ = {
			isa = XCConfigurationList;
			buildConfigurations = (
				1D6058940D05DD3E006BFB54 /* Debug */,
				1D6058950D05DD3E006BFB54 /* Release */,
			);
			defaultConfigurationIsVisible = 0;
			defaultConfigurationName = Release;
		};
		C01FCF4E08A954540054247B /* Build configuration list for PBXProject "APHost" */ = {
			isa = XCConfigurationList;
			buildConfigurations = (
				C01FCF4F08A954540054247B /* Debug */,
				C01FCF5008A954540054247B /* Release */,
			);
			defaultConfigurationIsVisible = 0;
			defaultConfigurationName = Release;
		};
/* End XCConfigurationList section */
	};
	rootObject = 29B97313FDCFA39411CA2CEA /* Project object */;
}
