// !$*UTF8*$!
{
	archiveVersion = 1;
	classes = {
	};
	objectVersion = 46;
	objects = {

/* Begin PBXBuildFile section */
		E85B4BC817E6387E003E9BE2 /* APHeading.m in Sources */ = {isa = PBXBuildFile; fileRef = E85B4BC517E6387E003E9BE2 /* APHeading.m */; };
		E85B4BC917E6387E003E9BE2 /* APLocation.m in Sources */ = {isa = PBXBuildFile; fileRef = E85B4BC717E6387E003E9BE2 /* APLocation.m */; };
		E85CBA18179837BF00AE58A3 /* Cocoa.framework in Frameworks */ = {isa = PBXBuildFile; fileRef = E85CBA17179837BF00AE58A3 /* Cocoa.framework */; };
		E85CBA22179837BF00AE58A3 /* InfoPlist.strings in Resources */ = {isa = PBXBuildFile; fileRef = E85CBA20179837BF00AE58A3 /* InfoPlist.strings */; };
		E85CBA24179837BF00AE58A3 /* main.m in Sources */ = {isa = PBXBuildFile; fileRef = E85CBA23179837BF00AE58A3 /* main.m */; };
		E85CBA2B179837BF00AE58A3 /* AppDelegate.m in Sources */ = {isa = PBXBuildFile; fileRef = E85CBA2A179837BF00AE58A3 /* AppDelegate.m */; };
		E85CBA2E179837BF00AE58A3 /* MainMenu.xib in Resources */ = {isa = PBXBuildFile; fileRef = E85CBA2C179837BF00AE58A3 /* MainMenu.xib */; };
		E85CBA36179837DD00AE58A3 /* ashland.gpx in Resources */ = {isa = PBXBuildFile; fileRef = E85CBA35179837DD00AE58A3 /* ashland.gpx */; };
		E85CBA55179837EE00AE58A3 /* APGPXDataSource.m in Sources */ = {isa = PBXBuildFile; fileRef = E85CBA49179837EE00AE58A3 /* APGPXDataSource.m */; };
		E85CBA56179837EE00AE58A3 /* APGPXParser.m in Sources */ = {isa = PBXBuildFile; fileRef = E85CBA4B179837EE00AE58A3 /* APGPXParser.m */; };
		E85CBA5A179837FA00AE58A3 /* CoreLocation.framework in Frameworks */ = {isa = PBXBuildFile; fileRef = E85CBA59179837FA00AE58A3 /* CoreLocation.framework */; };
		E85CBA5E17984C1B00AE58A3 /* APAstralProjection.m in Sources */ = {isa = PBXBuildFile; fileRef = E85CBA5D17984C1B00AE58A3 /* APAstralProjection.m */; };
		E8AAE45C1799CDE1006C41CD /* APAgentDataSource.m in Sources */ = {isa = PBXBuildFile; fileRef = E8AAE45B1799CDE1006C41CD /* APAgentDataSource.m */; };
		E8AAE46B1799CDF5006C41CD /* NSObject+SBJSON.m in Sources */ = {isa = PBXBuildFile; fileRef = E8AAE4601799CDF5006C41CD /* NSObject+SBJSON.m */; };
		E8AAE46C1799CDF5006C41CD /* NSString+SBJSON.m in Sources */ = {isa = PBXBuildFile; fileRef = E8AAE4621799CDF5006C41CD /* NSString+SBJSON.m */; };
		E8AAE46D1799CDF5006C41CD /* SBJSON.m in Sources */ = {isa = PBXBuildFile; fileRef = E8AAE4641799CDF5006C41CD /* SBJSON.m */; };
		E8AAE46E1799CDF5006C41CD /* SBJsonBase.m in Sources */ = {isa = PBXBuildFile; fileRef = E8AAE4661799CDF5006C41CD /* SBJsonBase.m */; };
		E8AAE46F1799CDF5006C41CD /* SBJsonParser.m in Sources */ = {isa = PBXBuildFile; fileRef = E8AAE4681799CDF5006C41CD /* SBJsonParser.m */; };
		E8AAE4701799CDF5006C41CD /* SBJsonWriter.m in Sources */ = {isa = PBXBuildFile; fileRef = E8AAE46A1799CDF5006C41CD /* SBJsonWriter.m */; };
/* End PBXBuildFile section */

/* Begin PBXFileReference section */
		E85B4BC417E6387E003E9BE2 /* APHeading.h */ = {isa = PBXFileReference; fileEncoding = 4; lastKnownFileType = sourcecode.c.h; path = APHeading.h; sourceTree = "<group>"; };
		E85B4BC517E6387E003E9BE2 /* APHeading.m */ = {isa = PBXFileReference; fileEncoding = 4; lastKnownFileType = sourcecode.c.objc; path = APHeading.m; sourceTree = "<group>"; };
		E85B4BC617E6387E003E9BE2 /* APLocation.h */ = {isa = PBXFileReference; fileEncoding = 4; lastKnownFileType = sourcecode.c.h; path = APLocation.h; sourceTree = "<group>"; };
		E85B4BC717E6387E003E9BE2 /* APLocation.m */ = {isa = PBXFileReference; fileEncoding = 4; lastKnownFileType = sourcecode.c.objc; path = APLocation.m; sourceTree = "<group>"; };
		E85CBA14179837BF00AE58A3 /* APDesktopHost.app */ = {isa = PBXFileReference; explicitFileType = wrapper.application; includeInIndex = 0; path = APDesktopHost.app; sourceTree = BUILT_PRODUCTS_DIR; };
		E85CBA17179837BF00AE58A3 /* Cocoa.framework */ = {isa = PBXFileReference; lastKnownFileType = wrapper.framework; name = Cocoa.framework; path = System/Library/Frameworks/Cocoa.framework; sourceTree = SDKROOT; };
		E85CBA1A179837BF00AE58A3 /* AppKit.framework */ = {isa = PBXFileReference; lastKnownFileType = wrapper.framework; name = AppKit.framework; path = System/Library/Frameworks/AppKit.framework; sourceTree = SDKROOT; };
		E85CBA1B179837BF00AE58A3 /* CoreData.framework */ = {isa = PBXFileReference; lastKnownFileType = wrapper.framework; name = CoreData.framework; path = System/Library/Frameworks/CoreData.framework; sourceTree = SDKROOT; };
		E85CBA1C179837BF00AE58A3 /* Foundation.framework */ = {isa = PBXFileReference; lastKnownFileType = wrapper.framework; name = Foundation.framework; path = System/Library/Frameworks/Foundation.framework; sourceTree = SDKROOT; };
		E85CBA1F179837BF00AE58A3 /* APDesktopHost-Info.plist */ = {isa = PBXFileReference; lastKnownFileType = text.plist.xml; path = "APDesktopHost-Info.plist"; sourceTree = "<group>"; };
		E85CBA21179837BF00AE58A3 /* en */ = {isa = PBXFileReference; lastKnownFileType = text.plist.strings; name = en; path = en.lproj/InfoPlist.strings; sourceTree = "<group>"; };
		E85CBA23179837BF00AE58A3 /* main.m */ = {isa = PBXFileReference; lastKnownFileType = sourcecode.c.objc; path = main.m; sourceTree = "<group>"; };
		E85CBA25179837BF00AE58A3 /* APDesktopHost-Prefix.pch */ = {isa = PBXFileReference; lastKnownFileType = sourcecode.c.h; path = "APDesktopHost-Prefix.pch"; sourceTree = "<group>"; };
		E85CBA29179837BF00AE58A3 /* AppDelegate.h */ = {isa = PBXFileReference; lastKnownFileType = sourcecode.c.h; path = AppDelegate.h; sourceTree = "<group>"; };
		E85CBA2A179837BF00AE58A3 /* AppDelegate.m */ = {isa = PBXFileReference; lastKnownFileType = sourcecode.c.objc; path = AppDelegate.m; sourceTree = "<group>"; };
		E85CBA2D179837BF00AE58A3 /* en */ = {isa = PBXFileReference; lastKnownFileType = file.xib; name = en; path = en.lproj/MainMenu.xib; sourceTree = "<group>"; };
		E85CBA35179837DD00AE58A3 /* ashland.gpx */ = {isa = PBXFileReference; fileEncoding = 4; lastKnownFileType = text.xml; path = ashland.gpx; sourceTree = "<group>"; };
		E85CBA3B179837EE00AE58A3 /* APHeadingDataDelegate.h */ = {isa = PBXFileReference; fileEncoding = 4; lastKnownFileType = sourcecode.c.h; path = APHeadingDataDelegate.h; sourceTree = "<group>"; };
		E85CBA3C179837EE00AE58A3 /* APHeadingDataSource.h */ = {isa = PBXFileReference; fileEncoding = 4; lastKnownFileType = sourcecode.c.h; path = APHeadingDataSource.h; sourceTree = "<group>"; };
		E85CBA3F179837EE00AE58A3 /* APLocationDataDelegate.h */ = {isa = PBXFileReference; fileEncoding = 4; lastKnownFileType = sourcecode.c.h; path = APLocationDataDelegate.h; sourceTree = "<group>"; };
		E85CBA40179837EE00AE58A3 /* APLocationDataSource.h */ = {isa = PBXFileReference; fileEncoding = 4; lastKnownFileType = sourcecode.c.h; path = APLocationDataSource.h; sourceTree = "<group>"; };
		E85CBA48179837EE00AE58A3 /* APGPXDataSource.h */ = {isa = PBXFileReference; fileEncoding = 4; lastKnownFileType = sourcecode.c.h; path = APGPXDataSource.h; sourceTree = "<group>"; };
		E85CBA49179837EE00AE58A3 /* APGPXDataSource.m */ = {isa = PBXFileReference; fileEncoding = 4; lastKnownFileType = sourcecode.c.objc; path = APGPXDataSource.m; sourceTree = "<group>"; };
		E85CBA4A179837EE00AE58A3 /* APGPXParser.h */ = {isa = PBXFileReference; fileEncoding = 4; lastKnownFileType = sourcecode.c.h; path = APGPXParser.h; sourceTree = "<group>"; };
		E85CBA4B179837EE00AE58A3 /* APGPXParser.m */ = {isa = PBXFileReference; fileEncoding = 4; lastKnownFileType = sourcecode.c.objc; path = APGPXParser.m; sourceTree = "<group>"; };
		E85CBA59179837FA00AE58A3 /* CoreLocation.framework */ = {isa = PBXFileReference; lastKnownFileType = wrapper.framework; name = CoreLocation.framework; path = System/Library/Frameworks/CoreLocation.framework; sourceTree = SDKROOT; };
		E85CBA5C17984C1B00AE58A3 /* APAstralProjection.h */ = {isa = PBXFileReference; fileEncoding = 4; lastKnownFileType = sourcecode.c.h; path = APAstralProjection.h; sourceTree = "<group>"; };
		E85CBA5D17984C1B00AE58A3 /* APAstralProjection.m */ = {isa = PBXFileReference; fileEncoding = 4; lastKnownFileType = sourcecode.c.objc; path = APAstralProjection.m; sourceTree = "<group>"; };
		E8AAE45A1799CDE1006C41CD /* APAgentDataSource.h */ = {isa = PBXFileReference; fileEncoding = 4; lastKnownFileType = sourcecode.c.h; path = APAgentDataSource.h; sourceTree = "<group>"; };
		E8AAE45B1799CDE1006C41CD /* APAgentDataSource.m */ = {isa = PBXFileReference; fileEncoding = 4; lastKnownFileType = sourcecode.c.objc; path = APAgentDataSource.m; sourceTree = "<group>"; };
		E8AAE45E1799CDF5006C41CD /* JSON.h */ = {isa = PBXFileReference; fileEncoding = 4; lastKnownFileType = sourcecode.c.h; path = JSON.h; sourceTree = "<group>"; };
		E8AAE45F1799CDF5006C41CD /* NSObject+SBJSON.h */ = {isa = PBXFileReference; fileEncoding = 4; lastKnownFileType = sourcecode.c.h; path = "NSObject+SBJSON.h"; sourceTree = "<group>"; };
		E8AAE4601799CDF5006C41CD /* NSObject+SBJSON.m */ = {isa = PBXFileReference; fileEncoding = 4; lastKnownFileType = sourcecode.c.objc; path = "NSObject+SBJSON.m"; sourceTree = "<group>"; };
		E8AAE4611799CDF5006C41CD /* NSString+SBJSON.h */ = {isa = PBXFileReference; fileEncoding = 4; lastKnownFileType = sourcecode.c.h; path = "NSString+SBJSON.h"; sourceTree = "<group>"; };
		E8AAE4621799CDF5006C41CD /* NSString+SBJSON.m */ = {isa = PBXFileReference; fileEncoding = 4; lastKnownFileType = sourcecode.c.objc; path = "NSString+SBJSON.m"; sourceTree = "<group>"; };
		E8AAE4631799CDF5006C41CD /* SBJSON.h */ = {isa = PBXFileReference; fileEncoding = 4; lastKnownFileType = sourcecode.c.h; path = SBJSON.h; sourceTree = "<group>"; };
		E8AAE4641799CDF5006C41CD /* SBJSON.m */ = {isa = PBXFileReference; fileEncoding = 4; lastKnownFileType = sourcecode.c.objc; path = SBJSON.m; sourceTree = "<group>"; };
		E8AAE4651799CDF5006C41CD /* SBJsonBase.h */ = {isa = PBXFileReference; fileEncoding = 4; lastKnownFileType = sourcecode.c.h; path = SBJsonBase.h; sourceTree = "<group>"; };
		E8AAE4661799CDF5006C41CD /* SBJsonBase.m */ = {isa = PBXFileReference; fileEncoding = 4; lastKnownFileType = sourcecode.c.objc; path = SBJsonBase.m; sourceTree = "<group>"; };
		E8AAE4671799CDF5006C41CD /* SBJsonParser.h */ = {isa = PBXFileReference; fileEncoding = 4; lastKnownFileType = sourcecode.c.h; path = SBJsonParser.h; sourceTree = "<group>"; };
		E8AAE4681799CDF5006C41CD /* SBJsonParser.m */ = {isa = PBXFileReference; fileEncoding = 4; lastKnownFileType = sourcecode.c.objc; path = SBJsonParser.m; sourceTree = "<group>"; };
		E8AAE4691799CDF5006C41CD /* SBJsonWriter.h */ = {isa = PBXFileReference; fileEncoding = 4; lastKnownFileType = sourcecode.c.h; path = SBJsonWriter.h; sourceTree = "<group>"; };
		E8AAE46A1799CDF5006C41CD /* SBJsonWriter.m */ = {isa = PBXFileReference; fileEncoding = 4; lastKnownFileType = sourcecode.c.objc; path = SBJsonWriter.m; sourceTree = "<group>"; };
/* End PBXFileReference section */

/* Begin PBXFrameworksBuildPhase section */
		E85CBA11179837BF00AE58A3 /* Frameworks */ = {
			isa = PBXFrameworksBuildPhase;
			buildActionMask = 2147483647;
			files = (
				E85CBA5A179837FA00AE58A3 /* CoreLocation.framework in Frameworks */,
				E85CBA18179837BF00AE58A3 /* Cocoa.framework in Frameworks */,
			);
			runOnlyForDeploymentPostprocessing = 0;
		};
/* End PBXFrameworksBuildPhase section */

/* Begin PBXGroup section */
		E85CBA0B179837BF00AE58A3 = {
			isa = PBXGroup;
			children = (
				E8AAE45D1799CDF5006C41CD /* JSON */,
				E85CBA37179837EE00AE58A3 /* AstralProjection */,
				E85CBA34179837DD00AE58A3 /* Resources */,
				E85CBA1D179837BF00AE58A3 /* APDesktopHost */,
				E85CBA16179837BF00AE58A3 /* Frameworks */,
				E85CBA15179837BF00AE58A3 /* Products */,
			);
			sourceTree = "<group>";
		};
		E85CBA15179837BF00AE58A3 /* Products */ = {
			isa = PBXGroup;
			children = (
				E85CBA14179837BF00AE58A3 /* APDesktopHost.app */,
			);
			name = Products;
			sourceTree = "<group>";
		};
		E85CBA16179837BF00AE58A3 /* Frameworks */ = {
			isa = PBXGroup;
			children = (
				E85CBA59179837FA00AE58A3 /* CoreLocation.framework */,
				E85CBA17179837BF00AE58A3 /* Cocoa.framework */,
				E85CBA19179837BF00AE58A3 /* Other Frameworks */,
			);
			name = Frameworks;
			sourceTree = "<group>";
		};
		E85CBA19179837BF00AE58A3 /* Other Frameworks */ = {
			isa = PBXGroup;
			children = (
				E85CBA1A179837BF00AE58A3 /* AppKit.framework */,
				E85CBA1B179837BF00AE58A3 /* CoreData.framework */,
				E85CBA1C179837BF00AE58A3 /* Foundation.framework */,
			);
			name = "Other Frameworks";
			sourceTree = "<group>";
		};
		E85CBA1D179837BF00AE58A3 /* APDesktopHost */ = {
			isa = PBXGroup;
			children = (
				E85CBA29179837BF00AE58A3 /* AppDelegate.h */,
				E85CBA2A179837BF00AE58A3 /* AppDelegate.m */,
				E85CBA2C179837BF00AE58A3 /* MainMenu.xib */,
				E85CBA1E179837BF00AE58A3 /* Supporting Files */,
			);
			path = APDesktopHost;
			sourceTree = "<group>";
		};
		E85CBA1E179837BF00AE58A3 /* Supporting Files */ = {
			isa = PBXGroup;
			children = (
				E85CBA1F179837BF00AE58A3 /* APDesktopHost-Info.plist */,
				E85CBA20179837BF00AE58A3 /* InfoPlist.strings */,
				E85CBA23179837BF00AE58A3 /* main.m */,
				E85CBA25179837BF00AE58A3 /* APDesktopHost-Prefix.pch */,
			);
			name = "Supporting Files";
			sourceTree = "<group>";
		};
		E85CBA34179837DD00AE58A3 /* Resources */ = {
			isa = PBXGroup;
			children = (
				E85CBA35179837DD00AE58A3 /* ashland.gpx */,
			);
			name = Resources;
			path = ../Resources;
			sourceTree = "<group>";
		};
		E85CBA37179837EE00AE58A3 /* AstralProjection */ = {
			isa = PBXGroup;
			children = (
				E85CBA38179837EE00AE58A3 /* Core */,
				E85CBA43179837EE00AE58A3 /* DataSources */,
			);
			name = AstralProjection;
			path = ../../AstralProjection;
			sourceTree = "<group>";
		};
		E85CBA38179837EE00AE58A3 /* Core */ = {
			isa = PBXGroup;
			children = (
				E85CBA5C17984C1B00AE58A3 /* APAstralProjection.h */,
				E85CBA5D17984C1B00AE58A3 /* APAstralProjection.m */,
				E85B4BC417E6387E003E9BE2 /* APHeading.h */,
				E85B4BC517E6387E003E9BE2 /* APHeading.m */,
				E85CBA3B179837EE00AE58A3 /* APHeadingDataDelegate.h */,
				E85CBA3C179837EE00AE58A3 /* APHeadingDataSource.h */,
				E85B4BC617E6387E003E9BE2 /* APLocation.h */,
				E85B4BC717E6387E003E9BE2 /* APLocation.m */,
				E85CBA3F179837EE00AE58A3 /* APLocationDataDelegate.h */,
				E85CBA40179837EE00AE58A3 /* APLocationDataSource.h */,
			);
			path = Core;
			sourceTree = "<group>";
		};
		E85CBA43179837EE00AE58A3 /* DataSources */ = {
			isa = PBXGroup;
			children = (
				E8AAE4591799CDE1006C41CD /* Agent */,
				E85CBA47179837EE00AE58A3 /* GPX */,
			);
			path = DataSources;
			sourceTree = "<group>";
		};
		E85CBA47179837EE00AE58A3 /* GPX */ = {
			isa = PBXGroup;
			children = (
				E85CBA48179837EE00AE58A3 /* APGPXDataSource.h */,
				E85CBA49179837EE00AE58A3 /* APGPXDataSource.m */,
				E85CBA4A179837EE00AE58A3 /* APGPXParser.h */,
				E85CBA4B179837EE00AE58A3 /* APGPXParser.m */,
			);
			path = GPX;
			sourceTree = "<group>";
		};
		E8AAE4591799CDE1006C41CD /* Agent */ = {
			isa = PBXGroup;
			children = (
				E8AAE45A1799CDE1006C41CD /* APAgentDataSource.h */,
				E8AAE45B1799CDE1006C41CD /* APAgentDataSource.m */,
			);
			path = Agent;
			sourceTree = "<group>";
		};
		E8AAE45D1799CDF5006C41CD /* JSON */ = {
			isa = PBXGroup;
			children = (
				E8AAE45E1799CDF5006C41CD /* JSON.h */,
				E8AAE45F1799CDF5006C41CD /* NSObject+SBJSON.h */,
				E8AAE4601799CDF5006C41CD /* NSObject+SBJSON.m */,
				E8AAE4611799CDF5006C41CD /* NSString+SBJSON.h */,
				E8AAE4621799CDF5006C41CD /* NSString+SBJSON.m */,
				E8AAE4631799CDF5006C41CD /* SBJSON.h */,
				E8AAE4641799CDF5006C41CD /* SBJSON.m */,
				E8AAE4651799CDF5006C41CD /* SBJsonBase.h */,
				E8AAE4661799CDF5006C41CD /* SBJsonBase.m */,
				E8AAE4671799CDF5006C41CD /* SBJsonParser.h */,
				E8AAE4681799CDF5006C41CD /* SBJsonParser.m */,
				E8AAE4691799CDF5006C41CD /* SBJsonWriter.h */,
				E8AAE46A1799CDF5006C41CD /* SBJsonWriter.m */,
			);
			name = JSON;
			path = ../../ThirdParty/JSON;
			sourceTree = "<group>";
		};
/* End PBXGroup section */

/* Begin PBXNativeTarget section */
		E85CBA13179837BF00AE58A3 /* APDesktopHost */ = {
			isa = PBXNativeTarget;
			buildConfigurationList = E85CBA31179837BF00AE58A3 /* Build configuration list for PBXNativeTarget "APDesktopHost" */;
			buildPhases = (
				E85CBA10179837BF00AE58A3 /* Sources */,
				E85CBA11179837BF00AE58A3 /* Frameworks */,
				E85CBA12179837BF00AE58A3 /* Resources */,
			);
			buildRules = (
			);
			dependencies = (
			);
			name = APDesktopHost;
			productName = APDesktopHost;
			productReference = E85CBA14179837BF00AE58A3 /* APDesktopHost.app */;
			productType = "com.apple.product-type.application";
		};
/* End PBXNativeTarget section */

/* Begin PBXProject section */
		E85CBA0C179837BF00AE58A3 /* Project object */ = {
			isa = PBXProject;
			attributes = {
				LastUpgradeCheck = 0460;
				ORGANIZATIONNAME = "LKXF Studios";
			};
			buildConfigurationList = E85CBA0F179837BF00AE58A3 /* Build configuration list for PBXProject "APDesktopHost" */;
			compatibilityVersion = "Xcode 3.2";
			developmentRegion = English;
			hasScannedForEncodings = 0;
			knownRegions = (
				en,
			);
			mainGroup = E85CBA0B179837BF00AE58A3;
			productRefGroup = E85CBA15179837BF00AE58A3 /* Products */;
			projectDirPath = "";
			projectRoot = "";
			targets = (
				E85CBA13179837BF00AE58A3 /* APDesktopHost */,
			);
		};
/* End PBXProject section */

/* Begin PBXResourcesBuildPhase section */
		E85CBA12179837BF00AE58A3 /* Resources */ = {
			isa = PBXResourcesBuildPhase;
			buildActionMask = 2147483647;
			files = (
				E85CBA22179837BF00AE58A3 /* InfoPlist.strings in Resources */,
				E85CBA2E179837BF00AE58A3 /* MainMenu.xib in Resources */,
				E85CBA36179837DD00AE58A3 /* ashland.gpx in Resources */,
			);
			runOnlyForDeploymentPostprocessing = 0;
		};
/* End PBXResourcesBuildPhase section */

/* Begin PBXSourcesBuildPhase section */
		E85CBA10179837BF00AE58A3 /* Sources */ = {
			isa = PBXSourcesBuildPhase;
			buildActionMask = 2147483647;
			files = (
				E85CBA24179837BF00AE58A3 /* main.m in Sources */,
				E85CBA2B179837BF00AE58A3 /* AppDelegate.m in Sources */,
				E85CBA55179837EE00AE58A3 /* APGPXDataSource.m in Sources */,
				E85CBA56179837EE00AE58A3 /* APGPXParser.m in Sources */,
				E85CBA5E17984C1B00AE58A3 /* APAstralProjection.m in Sources */,
				E8AAE45C1799CDE1006C41CD /* APAgentDataSource.m in Sources */,
				E8AAE46B1799CDF5006C41CD /* NSObject+SBJSON.m in Sources */,
				E8AAE46C1799CDF5006C41CD /* NSString+SBJSON.m in Sources */,
				E8AAE46D1799CDF5006C41CD /* SBJSON.m in Sources */,
				E8AAE46E1799CDF5006C41CD /* SBJsonBase.m in Sources */,
				E8AAE46F1799CDF5006C41CD /* SBJsonParser.m in Sources */,
				E8AAE4701799CDF5006C41CD /* SBJsonWriter.m in Sources */,
				E85B4BC817E6387E003E9BE2 /* APHeading.m in Sources */,
				E85B4BC917E6387E003E9BE2 /* APLocation.m in Sources */,
			);
			runOnlyForDeploymentPostprocessing = 0;
		};
/* End PBXSourcesBuildPhase section */

/* Begin PBXVariantGroup section */
		E85CBA20179837BF00AE58A3 /* InfoPlist.strings */ = {
			isa = PBXVariantGroup;
			children = (
				E85CBA21179837BF00AE58A3 /* en */,
			);
			name = InfoPlist.strings;
			sourceTree = "<group>";
		};
		E85CBA2C179837BF00AE58A3 /* MainMenu.xib */ = {
			isa = PBXVariantGroup;
			children = (
				E85CBA2D179837BF00AE58A3 /* en */,
			);
			name = MainMenu.xib;
			sourceTree = "<group>";
		};
/* End PBXVariantGroup section */

/* Begin XCBuildConfiguration section */
		E85CBA2F179837BF00AE58A3 /* Debug */ = {
			isa = XCBuildConfiguration;
			buildSettings = {
				ALWAYS_SEARCH_USER_PATHS = NO;
				ARCHS = "$(ARCHS_STANDARD_64_BIT)";
				CLANG_CXX_LANGUAGE_STANDARD = "gnu++0x";
				CLANG_CXX_LIBRARY = "libc++";
				CLANG_WARN_CONSTANT_CONVERSION = YES;
				CLANG_WARN_EMPTY_BODY = YES;
				CLANG_WARN_ENUM_CONVERSION = YES;
				CLANG_WARN_INT_CONVERSION = YES;
				CLANG_WARN__DUPLICATE_METHOD_MATCH = YES;
				COPY_PHASE_STRIP = NO;
				GCC_C_LANGUAGE_STANDARD = gnu99;
				GCC_DYNAMIC_NO_PIC = NO;
				GCC_ENABLE_OBJC_EXCEPTIONS = YES;
				GCC_OPTIMIZATION_LEVEL = 0;
				GCC_PREPROCESSOR_DEFINITIONS = (
					"DEBUG=1",
					"$(inherited)",
				);
				GCC_SYMBOLS_PRIVATE_EXTERN = NO;
				GCC_WARN_64_TO_32_BIT_CONVERSION = YES;
				GCC_WARN_ABOUT_RETURN_TYPE = YES;
				GCC_WARN_UNINITIALIZED_AUTOS = YES;
				GCC_WARN_UNUSED_VARIABLE = YES;
				MACOSX_DEPLOYMENT_TARGET = 10.6;
				ONLY_ACTIVE_ARCH = YES;
				SDKROOT = macosx;
			};
			name = Debug;
		};
		E85CBA30179837BF00AE58A3 /* Release */ = {
			isa = XCBuildConfiguration;
			buildSettings = {
				ALWAYS_SEARCH_USER_PATHS = NO;
				ARCHS = "$(ARCHS_STANDARD_64_BIT)";
				CLANG_CXX_LANGUAGE_STANDARD = "gnu++0x";
				CLANG_CXX_LIBRARY = "libc++";
				CLANG_WARN_CONSTANT_CONVERSION = YES;
				CLANG_WARN_EMPTY_BODY = YES;
				CLANG_WARN_ENUM_CONVERSION = YES;
				CLANG_WARN_INT_CONVERSION = YES;
				CLANG_WARN__DUPLICATE_METHOD_MATCH = YES;
				COPY_PHASE_STRIP = YES;
				DEBUG_INFORMATION_FORMAT = "dwarf-with-dsym";
				GCC_C_LANGUAGE_STANDARD = gnu99;
				GCC_ENABLE_OBJC_EXCEPTIONS = YES;
				GCC_WARN_64_TO_32_BIT_CONVERSION = YES;
				GCC_WARN_ABOUT_RETURN_TYPE = YES;
				GCC_WARN_UNINITIALIZED_AUTOS = YES;
				GCC_WARN_UNUSED_VARIABLE = YES;
				MACOSX_DEPLOYMENT_TARGET = 10.6;
				SDKROOT = macosx;
			};
			name = Release;
		};
		E85CBA32179837BF00AE58A3 /* Debug */ = {
			isa = XCBuildConfiguration;
			buildSettings = {
				COMBINE_HIDPI_IMAGES = YES;
				GCC_PRECOMPILE_PREFIX_HEADER = YES;
				GCC_PREFIX_HEADER = "APDesktopHost/APDesktopHost-Prefix.pch";
				INFOPLIST_FILE = "APDesktopHost/APDesktopHost-Info.plist";
				PRODUCT_NAME = "$(TARGET_NAME)";
				WRAPPER_EXTENSION = app;
			};
			name = Debug;
		};
		E85CBA33179837BF00AE58A3 /* Release */ = {
			isa = XCBuildConfiguration;
			buildSettings = {
				COMBINE_HIDPI_IMAGES = YES;
				GCC_PRECOMPILE_PREFIX_HEADER = YES;
				GCC_PREFIX_HEADER = "APDesktopHost/APDesktopHost-Prefix.pch";
				INFOPLIST_FILE = "APDesktopHost/APDesktopHost-Info.plist";
				PRODUCT_NAME = "$(TARGET_NAME)";
				WRAPPER_EXTENSION = app;
			};
			name = Release;
		};
/* End XCBuildConfiguration section */

/* Begin XCConfigurationList section */
		E85CBA0F179837BF00AE58A3 /* Build configuration list for PBXProject "APDesktopHost" */ = {
			isa = XCConfigurationList;
			buildConfigurations = (
				E85CBA2F179837BF00AE58A3 /* Debug */,
				E85CBA30179837BF00AE58A3 /* Release */,
			);
			defaultConfigurationIsVisible = 0;
			defaultConfigurationName = Release;
		};
		E85CBA31179837BF00AE58A3 /* Build configuration list for PBXNativeTarget "APDesktopHost" */ = {
			isa = XCConfigurationList;
			buildConfigurations = (
				E85CBA32179837BF00AE58A3 /* Debug */,
				E85CBA33179837BF00AE58A3 /* Release */,
			);
			defaultConfigurationIsVisible = 0;
			defaultConfigurationName = Release;
		};
/* End XCConfigurationList section */
	};
	rootObject = E85CBA0C179837BF00AE58A3 /* Project object */;
}
